{
  "version": 4,
  "terraform_version": "1.12.2",
  "serial": 85,
  "lineage": "07a4d70e-f073-bbea-2541-18eac8be6915",
  "outputs": {
    "internal_nlb_vip": {
      "value": [
        "10.0.20.6"
      ],
      "type": [
        "list",
        "string"
      ]
    }
  },
  "resources": [
    {
      "mode": "data",
      "type": "ncloud_server_image_numbers",
      "name": "kvm-image",
      "provider": "provider[\"registry.terraform.io/navercloudplatform/ncloud\"]",
      "instances": [
        {
          "schema_version": 0,
          "attributes": {
            "filter": [
              {
                "name": "hypervisor_type",
                "regex": null,
                "values": [
                  "KVM"
                ]
              }
            ],
            "hypervisor_type": null,
            "id": "",
            "image_number_list": [
              {
                "block_storage_mapping_list": [
                  {
                    "block_storage_name": null,
                    "block_storage_size": 10737418240,
                    "block_storage_snapshot_instance_no": 23214591,
                    "block_storage_snapshot_name": "snapshot of ubuntu-22.04-base",
                    "block_storage_volume_type": "CB1",
                    "iops": 100,
                    "is_encrypted_volume": false,
                    "order": 0,
                    "throughput": 104857600
                  }
                ],
                "cpu_architecture_type": "X86_64",
                "description": "kernel version : 5.15.0-140-generic",
                "hypervisor_type": "KVM",
                "name": "ubuntu-22.04-base",
                "os_category_type": "LINUX",
                "os_type": "UBUNTU",
                "product_code": "SW.VSVR.OS.LNX64.UBNTU.SVR22.G003",
                "server_image_number": "23214590",
                "type": "NCP"
              }
            ],
            "output_file": null,
            "server_image_name": "ubuntu-22.04-base"
          },
          "sensitive_attributes": [],
          "identity_schema_version": 0
        }
      ]
    },
    {
      "mode": "data",
      "type": "ncloud_server_specs",
      "name": "kvm-spec",
      "provider": "provider[\"registry.terraform.io/navercloudplatform/ncloud\"]",
      "instances": [
        {
          "schema_version": 0,
          "attributes": {
            "filter": [
              {
                "name": "server_spec_code",
                "regex": null,
                "values": [
                  "s2-g3"
                ]
              }
            ],
            "id": "",
            "output_file": null,
            "server_spec_list": [
              {
                "block_storage_max_count": 20,
                "block_storage_max_iops": 4725,
                "block_storage_max_throughput": 81,
                "cpu_architecture_type": "X86_64",
                "cpu_count": 2,
                "description": "vCPU 2EA, Memory 8GB",
                "generation_code": "G3",
                "gpu_count": null,
                "hypervisor_type": "KVM",
                "memory_size": 8589934592,
                "network_interface_max_count": 3,
                "network_performance": 1000000000,
                "product_code": "SVR.VSVR.STAND.C002.M008.G003",
                "server_spec_code": "s2-g3"
              }
            ]
          },
          "sensitive_attributes": [],
          "identity_schema_version": 0
        }
      ]
    },
    {
      "mode": "managed",
      "type": "ncloud_access_control_group",
      "name": "was_acg",
      "provider": "provider[\"registry.terraform.io/navercloudplatform/ncloud\"]",
      "instances": [
        {
          "schema_version": 0,
          "attributes": {
            "access_control_group_no": "295169",
            "description": "",
            "id": "295169",
            "is_default": false,
            "name": "tf-3tier-was-acg",
            "vpc_no": "118551"
          },
          "sensitive_attributes": [],
          "identity_schema_version": 0,
          "private": "bnVsbA==",
          "dependencies": [
            "ncloud_vpc.this"
          ]
        }
      ]
    },
    {
      "mode": "managed",
      "type": "ncloud_access_control_group",
      "name": "web_acg",
      "provider": "provider[\"registry.terraform.io/navercloudplatform/ncloud\"]",
      "instances": [
        {
          "schema_version": 0,
          "attributes": {
            "access_control_group_no": "295168",
            "description": "",
            "id": "295168",
            "is_default": false,
            "name": "tf-3tier-web-acg",
            "vpc_no": "118551"
          },
          "sensitive_attributes": [],
          "identity_schema_version": 0,
          "private": "bnVsbA==",
          "dependencies": [
            "ncloud_vpc.this"
          ]
        }
      ]
    },
    {
      "mode": "managed",
      "type": "ncloud_access_control_group_rule",
      "name": "was_rules",
      "provider": "provider[\"registry.terraform.io/navercloudplatform/ncloud\"]",
      "instances": [
        {
          "schema_version": 0,
          "attributes": {
            "access_control_group_no": "295169",
            "id": "295169",
            "inbound": [
              {
                "description": "",
                "ip_block": "10.0.1.0/24",
                "port_range": "8080",
                "protocol": "TCP",
                "source_access_control_group_no": ""
              }
            ],
            "outbound": [
              {
                "description": "",
                "ip_block": "0.0.0.0/0",
                "port_range": "1-65535",
                "protocol": "TCP",
                "source_access_control_group_no": ""
              }
            ],
            "timeouts": null
          },
          "sensitive_attributes": [],
          "identity_schema_version": 0,
          "private": "eyJlMmJmYjczMC1lY2FhLTExZTYtOGY4OC0zNDM2M2JjN2M0YzAiOnsiY3JlYXRlIjozNjAwMDAwMDAwMDAwLCJkZWxldGUiOjMwMDAwMDAwMDAwMCwidXBkYXRlIjo2MDAwMDAwMDAwMDB9fQ==",
          "dependencies": [
            "ncloud_access_control_group.was_acg",
            "ncloud_vpc.this"
          ]
        }
      ]
    },
    {
      "mode": "managed",
      "type": "ncloud_access_control_group_rule",
      "name": "web_rule",
      "provider": "provider[\"registry.terraform.io/navercloudplatform/ncloud\"]",
      "instances": [
        {
          "schema_version": 0,
          "attributes": {
            "access_control_group_no": "295168",
            "id": "295168",
            "inbound": [
              {
                "description": "",
                "ip_block": "0.0.0.0/0",
                "port_range": "",
                "protocol": "ICMP",
                "source_access_control_group_no": ""
              },
              {
                "description": "",
                "ip_block": "0.0.0.0/0",
                "port_range": "22",
                "protocol": "TCP",
                "source_access_control_group_no": ""
              },
              {
                "description": "",
                "ip_block": "0.0.0.0/0",
                "port_range": "80",
                "protocol": "TCP",
                "source_access_control_group_no": ""
              }
            ],
            "outbound": [
              {
                "description": "",
                "ip_block": "0.0.0.0/0",
                "port_range": "1-65535",
                "protocol": "TCP",
                "source_access_control_group_no": ""
              }
            ],
            "timeouts": null
          },
          "sensitive_attributes": [],
          "identity_schema_version": 0,
          "private": "eyJlMmJmYjczMC1lY2FhLTExZTYtOGY4OC0zNDM2M2JjN2M0YzAiOnsiY3JlYXRlIjozNjAwMDAwMDAwMDAwLCJkZWxldGUiOjMwMDAwMDAwMDAwMCwidXBkYXRlIjo2MDAwMDAwMDAwMDB9fQ==",
          "dependencies": [
            "ncloud_access_control_group.web_acg",
            "ncloud_vpc.this"
          ]
        }
      ]
    },
    {
      "mode": "managed",
      "type": "ncloud_lb",
      "name": "external_lb",
      "provider": "provider[\"registry.terraform.io/navercloudplatform/ncloud\"]",
      "instances": [
        {
          "schema_version": 0,
          "attributes": {
            "description": null,
            "domain": "external-lb-tf-3tier-108069640-5397ef4c114d.kr.lb.naverncp.com",
            "id": "108069640",
            "idle_timeout": 60,
            "ip_list": [
              "223.130.132.30"
            ],
            "listener_no_list": [],
            "load_balancer_no": "108069640",
            "name": "external-lb-tf-3tier",
            "network_type": "PUBLIC",
            "subnet_no_list": [
              "250155"
            ],
            "throughput_type": "SMALL",
            "timeouts": null,
            "type": "APPLICATION",
            "vpc_no": "118551"
          },
          "sensitive_attributes": [],
          "identity_schema_version": 0,
          "dependencies": [
            "ncloud_subnet.public_lb",
            "ncloud_vpc.this"
          ]
        }
      ]
    },
    {
      "mode": "managed",
      "type": "ncloud_lb",
      "name": "internal_nlb",
      "provider": "provider[\"registry.terraform.io/navercloudplatform/ncloud\"]",
      "instances": [
        {
          "schema_version": 0,
          "attributes": {
            "description": null,
            "domain": "internal-nlb-tf-3tier-108069639-ae09f5d00307.kr.lb.naverncp.com",
            "id": "108069639",
            "idle_timeout": null,
            "ip_list": [
              "10.0.20.6"
            ],
            "listener_no_list": [],
            "load_balancer_no": "108069639",
            "name": "internal-nlb-tf-3tier",
            "network_type": "PRIVATE",
            "subnet_no_list": [
              "250154"
            ],
            "throughput_type": "DYNAMIC",
            "timeouts": null,
            "type": "NETWORK",
            "vpc_no": "118551"
          },
          "sensitive_attributes": [],
          "identity_schema_version": 0,
          "dependencies": [
            "ncloud_subnet.private_lb",
            "ncloud_vpc.this"
          ]
        }
      ]
    },
    {
      "mode": "managed",
      "type": "ncloud_lb_listener",
      "name": "ex_lb_listener",
      "provider": "provider[\"registry.terraform.io/navercloudplatform/ncloud\"]",
      "instances": [
        {
          "schema_version": 0,
          "attributes": {
            "id": "273980",
            "listener_no": "273980",
            "load_balancer_no": "108069640",
            "port": 80,
            "protocol": "HTTP",
            "rule_no_list": [
              "330853"
            ],
            "ssl_certificate_no": null,
            "target_group_no": "4166298",
            "timeouts": null,
            "tls_min_version_type": null,
            "use_http2": false
          },
          "sensitive_attributes": [],
          "identity_schema_version": 0,
          "private": "eyJlMmJmYjczMC1lY2FhLTExZTYtOGY4OC0zNDM2M2JjN2M0YzAiOnsiY3JlYXRlIjozNjAwMDAwMDAwMDAwLCJkZWxldGUiOjMwMDAwMDAwMDAwMCwidXBkYXRlIjo2MDAwMDAwMDAwMDB9fQ==",
          "dependencies": [
            "ncloud_lb.external_lb",
            "ncloud_lb_target_group.ex_lb_target_group",
            "ncloud_subnet.public_lb",
            "ncloud_vpc.this"
          ]
        }
      ]
    },
    {
      "mode": "managed",
      "type": "ncloud_lb_listener",
      "name": "in_nlb_listener",
      "provider": "provider[\"registry.terraform.io/navercloudplatform/ncloud\"]",
      "instances": [
        {
          "schema_version": 0,
          "attributes": {
            "id": "273979",
            "listener_no": "273979",
            "load_balancer_no": "108069639",
            "port": 8080,
            "protocol": "TCP",
            "rule_no_list": [
              "330852"
            ],
            "ssl_certificate_no": null,
            "target_group_no": "4166299",
            "timeouts": null,
            "tls_min_version_type": null,
            "use_http2": false
          },
          "sensitive_attributes": [],
          "identity_schema_version": 0,
          "private": "eyJlMmJmYjczMC1lY2FhLTExZTYtOGY4OC0zNDM2M2JjN2M0YzAiOnsiY3JlYXRlIjozNjAwMDAwMDAwMDAwLCJkZWxldGUiOjMwMDAwMDAwMDAwMCwidXBkYXRlIjo2MDAwMDAwMDAwMDB9fQ==",
          "dependencies": [
            "ncloud_lb.internal_nlb",
            "ncloud_lb_target_group.in_nlb_target_group",
            "ncloud_subnet.private_lb",
            "ncloud_vpc.this"
          ]
        }
      ]
    },
    {
      "mode": "managed",
      "type": "ncloud_lb_target_group",
      "name": "ex_lb_target_group",
      "provider": "provider[\"registry.terraform.io/navercloudplatform/ncloud\"]",
      "instances": [
        {
          "schema_version": 0,
          "attributes": {
            "algorithm_type": "RR",
            "description": null,
            "health_check": [
              {
                "cycle": 30,
                "down_threshold": 2,
                "http_method": "GET",
                "port": 80,
                "protocol": "HTTP",
                "up_threshold": 2,
                "url_path": "/"
              }
            ],
            "id": "4166298",
            "load_balancer_instance_no": "",
            "name": "tg198a13d79dd",
            "port": 80,
            "protocol": "HTTP",
            "target_group_no": "4166298",
            "target_no_list": [],
            "target_type": "VSVR",
            "use_proxy_protocol": false,
            "use_sticky_session": false,
            "vpc_no": "118551"
          },
          "sensitive_attributes": [],
          "identity_schema_version": 0,
          "private": "bnVsbA==",
          "dependencies": [
            "ncloud_vpc.this"
          ]
        }
      ]
    },
    {
      "mode": "managed",
      "type": "ncloud_lb_target_group",
      "name": "in_nlb_target_group",
      "provider": "provider[\"registry.terraform.io/navercloudplatform/ncloud\"]",
      "instances": [
        {
          "schema_version": 0,
          "attributes": {
            "algorithm_type": "RR",
            "description": null,
            "health_check": [
              {
                "cycle": 30,
                "down_threshold": 2,
                "http_method": "",
                "port": 8080,
                "protocol": "TCP",
                "up_threshold": 2,
                "url_path": ""
              }
            ],
            "id": "4166299",
            "load_balancer_instance_no": "",
            "name": "tg198a13d79e3",
            "port": 8080,
            "protocol": "TCP",
            "target_group_no": "4166299",
            "target_no_list": [],
            "target_type": "VSVR",
            "use_proxy_protocol": false,
            "use_sticky_session": false,
            "vpc_no": "118551"
          },
          "sensitive_attributes": [],
          "identity_schema_version": 0,
          "private": "bnVsbA==",
          "dependencies": [
            "ncloud_vpc.this"
          ]
        }
      ]
    },
    {
      "mode": "managed",
      "type": "ncloud_lb_target_group_attachment",
      "name": "ex_lb_target_group_attach",
      "provider": "provider[\"registry.terraform.io/navercloudplatform/ncloud\"]",
      "instances": [
        {
          "schema_version": 0,
          "attributes": {
            "id": "2025-08-13 02:28:43.108217879 +0000 UTC",
            "target_group_no": "4166298",
            "target_no_list": [
              "108069636"
            ],
            "timeouts": null
          },
          "sensitive_attributes": [],
          "identity_schema_version": 0,
          "private": "eyJlMmJmYjczMC1lY2FhLTExZTYtOGY4OC0zNDM2M2JjN2M0YzAiOnsiY3JlYXRlIjozNjAwMDAwMDAwMDAwLCJkZWxldGUiOjMwMDAwMDAwMDAwMH19",
          "dependencies": [
            "data.ncloud_server_image_numbers.kvm-image",
            "data.ncloud_server_specs.kvm-spec",
            "ncloud_access_control_group.web_acg",
            "ncloud_lb_target_group.ex_lb_target_group",
            "ncloud_login_key.this",
            "ncloud_network_interface.web_nic",
            "ncloud_server.web",
            "ncloud_subnet.public",
            "ncloud_vpc.this"
          ]
        }
      ]
    },
    {
      "mode": "managed",
      "type": "ncloud_lb_target_group_attachment",
      "name": "in_nlb_attach",
      "provider": "provider[\"registry.terraform.io/navercloudplatform/ncloud\"]",
      "instances": [
        {
          "schema_version": 0,
          "attributes": {
            "id": "2025-08-13 02:28:51.428271302 +0000 UTC",
            "target_group_no": "4166299",
            "target_no_list": [
              "108069641"
            ],
            "timeouts": null
          },
          "sensitive_attributes": [],
          "identity_schema_version": 0,
          "private": "eyJlMmJmYjczMC1lY2FhLTExZTYtOGY4OC0zNDM2M2JjN2M0YzAiOnsiY3JlYXRlIjozNjAwMDAwMDAwMDAwLCJkZWxldGUiOjMwMDAwMDAwMDAwMH19",
          "dependencies": [
            "data.ncloud_server_image_numbers.kvm-image",
            "data.ncloud_server_specs.kvm-spec",
            "ncloud_access_control_group.was_acg",
            "ncloud_lb_target_group.in_nlb_target_group",
            "ncloud_login_key.this",
            "ncloud_network_interface.was_nic",
            "ncloud_server.was",
            "ncloud_subnet.private",
            "ncloud_vpc.this"
          ]
        }
      ]
    },
    {
      "mode": "managed",
      "type": "ncloud_login_key",
      "name": "this",
      "provider": "provider[\"registry.terraform.io/navercloudplatform/ncloud\"]",
      "instances": [
        {
          "schema_version": 0,
          "attributes": {
            "fingerprint": "",
            "id": "tf-3tier-key-20250813022323",
            "key_name": "tf-3tier-key-20250813022323",
            "private_key": "-----BEGIN RSA PRIVATE KEY-----\nMIIEogIBAAKCAQEAtMY3cT9iPxcUW/rhYX2y6EmXvg8UV7YNMn9uctIOk1dKZpjQ\nigBxwk3b2XeFjnT3r2+yN89x5pR6ZK4Ufg0dAOrUXSJqWcTk8JgkswMOhOTDZcn/\nmhtZii0AOio9olrc/72bBAg02bciCywQUQtRs1w0+EvvWQxLN4SPknLBgSa4ctyN\n7cDKHq8eEL0KQHfWL3p1oMg50Cw1F1m8R9BfFRqQz4INJUjnMYd7Ugz1RZmTsCdk\n0llTbNAhWQtJhU3EzL0zKeIXrNZuOpigVw4wa1lUaBkdMb2r4PMUeUfw/kp4b9Sh\nigy3yx+wR3cVPxabuAcTASdUegJlb+mq6FYA+wIDAQABAoIBADPTSczFO6DTuIoA\nHEIrW7Gde4vI3e+haRorj1oKn5QdJ97O+6Y8p2Bpmtg3HEpxfRrGHmVCqyhMM+SO\nRaC3mLONHzHOLogq2umg7JCHlU+DGAOkDAu9wIdNDG4gcwgLHaWR0ZGv2pr6Fh/2\n03ywjo0pp6PxfR5d2GiDr/dvv8sK9xfsr2MJj2M0mwh7pp/TT6bP9K1IZPsnqGfH\nt5w7Ad0j+qAfval0JenTtzG9rUIGbULibcSoYWSx1XbEn2C8MPIPlM/nZ8ldttmW\nsbjhktmw3QhPGB3DpfyB5lAwdYGVRdOm/BuZyVAlImiiUHzGZSV1iho8bth0xoER\nJBxDhuECgYEA8UsTwQZfzcwudH0j0FKngnWaRSZ+EIpMM1xIebC87u31OLQTD9dF\nF8eALy7DbfFNfK7VgA9irKsOE7/s7adI7lV42IHCRPcDnLgIcXYUwYJRxSwrgnZL\ndPKwQ8Ho+bBpllbfj5nzcdtgfefqane8enVvVE3Zl+d0SHQbIlMYvdsCgYEAv8rb\nDB2aB3pSofjvQxsgMv8M2npe10Ze1mqkX+Rl8fWsoi4U6Il8Px18fuEXFmuGpBPt\n9pGYx1/8dn3VJ5a1rAa6XzN0SLj6Tv0U8cEiefouUhMHqDkma4y5tmzJ8x0kwJgA\nsF9S7hhDOAtnLp3PWZUgNXZJ8Nq/V5hhbRMdg2ECgYBR6oQNTsWtjzjiMS28ZqMZ\npiU2fqfjo5/U++pa7cZmcwCCPJgQE6wQM5lv6zdLltUQlCZFMHP2XKgNymV8FQOs\nbfX1wq+aTCW8ybmME2NegoiSILmws8pQLKfsiOM4CUz/TgTdso00RR7P/7DUbkvd\nYwrlmvxZFqmig1BG6eEHawKBgG14fQTyVHuWL1oyO2cDMaLJ/20o0b9wdCtQnVf6\nhtHPl2TOhrKf3uIrk2bcVZA/eY9nrLjDLAAI4pJDionZNQLmqDQ0q1fi9URmojDH\nO0WCLjQ8lm9Hh411un7Mo4x3gwXG/QWusyghgySXJaLvAm4wdzzsspGeWf7GhD18\n3qihAoGAUIENP3d8xahuN3rzGSSG+S8nrtPacq7C1hmpCe6xRRJHiy0E6izecIn5\nUZy9ICBuyWy2HJ5hmJDFAG2p8lNxJ6jXiTe396H/sR32pxufugSCVDxAUlN7PaHi\nbzc8472/MekeP6jFUBYC6lGNEYfXmSoI4YUnJVLSWL3vS2SCS+w=\n-----END RSA PRIVATE KEY-----"
          },
          "sensitive_attributes": [
            [
              {
                "type": "get_attr",
                "value": "private_key"
              }
            ]
          ],
          "identity_schema_version": 0
        }
      ]
    },
    {
      "mode": "managed",
      "type": "ncloud_network_interface",
      "name": "was_nic",
      "provider": "provider[\"registry.terraform.io/navercloudplatform/ncloud\"]",
      "instances": [
        {
          "schema_version": 0,
          "attributes": {
            "access_control_groups": [
              "295169"
            ],
            "description": "",
            "id": "4891016",
            "instance_type": null,
            "is_default": false,
            "name": "was-nic",
            "network_interface_no": "4891016",
            "private_ip": "10.0.2.6",
            "server_instance_no": "",
            "status": "NOTUSED",
            "subnet_no": "250156"
          },
          "sensitive_attributes": [],
          "identity_schema_version": 0,
          "private": "bnVsbA==",
          "dependencies": [
            "ncloud_access_control_group.was_acg",
            "ncloud_subnet.private",
            "ncloud_vpc.this"
          ]
        }
      ]
    },
    {
      "mode": "managed",
      "type": "ncloud_network_interface",
      "name": "web_nic",
      "provider": "provider[\"registry.terraform.io/navercloudplatform/ncloud\"]",
      "instances": [
        {
          "schema_version": 0,
          "attributes": {
            "access_control_groups": [
              "295168"
            ],
            "description": "",
            "id": "4891014",
            "instance_type": null,
            "is_default": false,
            "name": "web-nic",
            "network_interface_no": "4891014",
            "private_ip": "10.0.1.6",
            "server_instance_no": "",
            "status": "NOTUSED",
            "subnet_no": "250153"
          },
          "sensitive_attributes": [],
          "identity_schema_version": 0,
          "private": "bnVsbA==",
          "dependencies": [
            "ncloud_access_control_group.web_acg",
            "ncloud_subnet.public",
            "ncloud_vpc.this"
          ]
        }
      ]
    },
    {
      "mode": "managed",
      "type": "ncloud_server",
      "name": "was",
      "provider": "provider[\"registry.terraform.io/navercloudplatform/ncloud\"]",
      "instances": [
        {
          "index_key": 0,
          "schema_version": 0,
          "attributes": {
            "access_control_group_configuration_no_list": null,
            "base_block_storage_disk_detail_type": "SSD",
            "base_block_storage_disk_type": "NET",
            "base_block_storage_size": null,
            "block_device_partition_list": [],
            "cpu_count": 2,
            "description": "",
            "fee_system_type_code": null,
            "hypervisor_type": "KVM",
            "id": "108069641",
            "init_script_no": "",
            "instance_no": "108069641",
            "internet_line_type": null,
            "is_encrypted_base_block_storage_volume": null,
            "is_fee_charging_monitoring": null,
            "is_protect_server_termination": false,
            "login_key_name": "tf-3tier-key-20250813022323",
            "member_server_image_no": null,
            "memory_size": 8589934592,
            "name": "tf-3tier-was-1",
            "network_interface": [
              {
                "network_interface_no": "4891016",
                "order": 0,
                "private_ip": "10.0.2.6",
                "subnet_no": "250156"
              }
            ],
            "placement_group_no": "",
            "platform_type": "UBD64",
            "port_forwarding_external_port": null,
            "port_forwarding_internal_port": null,
            "port_forwarding_public_ip": null,
            "private_ip": null,
            "public_ip": "",
            "raid_type_name": null,
            "region": null,
            "server_image_name": null,
            "server_image_number": "23214590",
            "server_image_product_code": "SW.VSVR.OS.LNX64.UBNTU.SVR22.G003",
            "server_product_code": "SVR.VSVR.STAND.C002.M008.G003",
            "server_spec_code": "s2-g3",
            "subnet_no": "250156",
            "tag_list": [],
            "timeouts": null,
            "user_data": null,
            "vpc_no": "118551",
            "zone": "KR-1"
          },
          "sensitive_attributes": [],
          "identity_schema_version": 0,
          "private": "eyJlMmJmYjczMC1lY2FhLTExZTYtOGY4OC0zNDM2M2JjN2M0YzAiOnsiY3JlYXRlIjozNjAwMDAwMDAwMDAwLCJkZWxldGUiOjMwMDAwMDAwMDAwMH19",
          "dependencies": [
            "data.ncloud_server_image_numbers.kvm-image",
            "data.ncloud_server_specs.kvm-spec",
            "ncloud_access_control_group.was_acg",
            "ncloud_login_key.this",
            "ncloud_network_interface.was_nic",
            "ncloud_subnet.private",
            "ncloud_vpc.this"
          ]
        }
      ]
    },
    {
      "mode": "managed",
      "type": "ncloud_server",
      "name": "web",
      "provider": "provider[\"registry.terraform.io/navercloudplatform/ncloud\"]",
      "instances": [
        {
          "index_key": 0,
          "schema_version": 0,
          "attributes": {
            "access_control_group_configuration_no_list": null,
            "base_block_storage_disk_detail_type": "SSD",
            "base_block_storage_disk_type": "NET",
            "base_block_storage_size": null,
            "block_device_partition_list": [],
            "cpu_count": 2,
            "description": "",
            "fee_system_type_code": null,
            "hypervisor_type": "KVM",
            "id": "108069636",
            "init_script_no": "",
            "instance_no": "108069636",
            "internet_line_type": null,
            "is_encrypted_base_block_storage_volume": null,
            "is_fee_charging_monitoring": null,
            "is_protect_server_termination": false,
            "login_key_name": "tf-3tier-key-20250813022323",
            "member_server_image_no": null,
            "memory_size": 8589934592,
            "name": "tf-3tier-web-1",
            "network_interface": [
              {
                "network_interface_no": "4891014",
                "order": 0,
                "private_ip": "10.0.1.6",
                "subnet_no": "250153"
              }
            ],
            "placement_group_no": "",
            "platform_type": "UBD64",
            "port_forwarding_external_port": null,
            "port_forwarding_internal_port": null,
            "port_forwarding_public_ip": null,
            "private_ip": null,
            "public_ip": "",
            "raid_type_name": null,
            "region": null,
            "server_image_name": null,
            "server_image_number": "23214590",
            "server_image_product_code": "SW.VSVR.OS.LNX64.UBNTU.SVR22.G003",
            "server_product_code": "SVR.VSVR.STAND.C002.M008.G003",
            "server_spec_code": "s2-g3",
            "subnet_no": "250153",
            "tag_list": [],
            "timeouts": null,
            "user_data": null,
            "vpc_no": "118551",
            "zone": "KR-1"
          },
          "sensitive_attributes": [],
          "identity_schema_version": 0,
          "private": "eyJlMmJmYjczMC1lY2FhLTExZTYtOGY4OC0zNDM2M2JjN2M0YzAiOnsiY3JlYXRlIjozNjAwMDAwMDAwMDAwLCJkZWxldGUiOjMwMDAwMDAwMDAwMH19",
          "dependencies": [
            "data.ncloud_server_image_numbers.kvm-image",
            "data.ncloud_server_specs.kvm-spec",
            "ncloud_access_control_group.web_acg",
            "ncloud_login_key.this",
            "ncloud_network_interface.web_nic",
            "ncloud_subnet.public",
            "ncloud_vpc.this"
          ]
        }
      ]
    },
    {
      "mode": "managed",
      "type": "ncloud_subnet",
      "name": "private",
      "provider": "provider[\"registry.terraform.io/navercloudplatform/ncloud\"]",
      "instances": [
        {
          "schema_version": 0,
          "attributes": {
            "id": "250156",
            "name": "tf-3tier-priv",
            "network_acl_no": "162673",
            "subnet": "10.0.2.0/24",
            "subnet_no": "250156",
            "subnet_type": "PRIVATE",
            "usage_type": "GEN",
            "vpc_no": "118551",
            "zone": "KR-1"
          },
          "sensitive_attributes": [],
          "identity_schema_version": 0,
          "dependencies": [
            "ncloud_vpc.this"
          ]
        }
      ]
    },
    {
      "mode": "managed",
      "type": "ncloud_subnet",
      "name": "private_lb",
      "provider": "provider[\"registry.terraform.io/navercloudplatform/ncloud\"]",
      "instances": [
        {
          "schema_version": 0,
          "attributes": {
            "id": "250154",
            "name": "tf-3tier-priv-lb",
            "network_acl_no": "162673",
            "subnet": "10.0.20.0/24",
            "subnet_no": "250154",
            "subnet_type": "PRIVATE",
            "usage_type": "LOADB",
            "vpc_no": "118551",
            "zone": "KR-1"
          },
          "sensitive_attributes": [],
          "identity_schema_version": 0,
          "dependencies": [
            "ncloud_vpc.this"
          ]
        }
      ]
    },
    {
      "mode": "managed",
      "type": "ncloud_subnet",
      "name": "public",
      "provider": "provider[\"registry.terraform.io/navercloudplatform/ncloud\"]",
      "instances": [
        {
          "schema_version": 0,
          "attributes": {
            "id": "250153",
            "name": "tf-3tier-pub",
            "network_acl_no": "162673",
            "subnet": "10.0.1.0/24",
            "subnet_no": "250153",
            "subnet_type": "PUBLIC",
            "usage_type": "GEN",
            "vpc_no": "118551",
            "zone": "KR-1"
          },
          "sensitive_attributes": [],
          "identity_schema_version": 0,
          "dependencies": [
            "ncloud_vpc.this"
          ]
        }
      ]
    },
    {
      "mode": "managed",
      "type": "ncloud_subnet",
      "name": "public_lb",
      "provider": "provider[\"registry.terraform.io/navercloudplatform/ncloud\"]",
      "instances": [
        {
          "schema_version": 0,
          "attributes": {
            "id": "250155",
            "name": "tf-3tier-pub-lb",
            "network_acl_no": "162673",
            "subnet": "10.0.10.0/24",
            "subnet_no": "250155",
            "subnet_type": "PUBLIC",
            "usage_type": "LOADB",
            "vpc_no": "118551",
            "zone": "KR-1"
          },
          "sensitive_attributes": [],
          "identity_schema_version": 0,
          "dependencies": [
            "ncloud_vpc.this"
          ]
        }
      ]
    },
    {
      "mode": "managed",
      "type": "ncloud_vpc",
      "name": "this",
      "provider": "provider[\"registry.terraform.io/navercloudplatform/ncloud\"]",
      "instances": [
        {
          "schema_version": 0,
          "attributes": {
            "default_access_control_group_no": "295166",
            "default_network_acl_no": "162673",
            "default_private_route_table_no": "245619",
            "default_public_route_table_no": "245618",
            "id": "118551",
            "ipv4_cidr_block": "10.0.0.0/16",
            "name": "tf-3tier-vpc",
            "vpc_no": "118551"
          },
          "sensitive_attributes": [],
          "identity_schema_version": 0
        }
      ]
    }
  ],
  "check_results": null
}
