{
  "version": 4,
  "terraform_version": "1.12.2",
  "serial": 95,
  "lineage": "07a4d70e-f073-bbea-2541-18eac8be6915",
  "outputs": {
    "internal_nlb_vip": {
      "value": [
        "10.0.20.6"
      ],
      "type": [
        "list",
        "string"
      ]
    },
    "login_key_name": {
      "value": "tf-3tier-key-20250813023655",
      "type": "string"
    },
    "login_key_pem_path": {
      "value": "./tf-3tier-key-20250813023655.pem",
      "type": "string"
    }
  },
  "resources": [
    {
      "mode": "data",
      "type": "ncloud_server_image_numbers",
      "name": "kvm-image",
      "provider": "provider[\"registry.terraform.io/navercloudplatform/ncloud\"]",
      "instances": [
        {
          "schema_version": 0,
          "attributes": {
            "filter": [
              {
                "name": "hypervisor_type",
                "regex": null,
                "values": [
                  "KVM"
                ]
              }
            ],
            "hypervisor_type": null,
            "id": "",
            "image_number_list": [
              {
                "block_storage_mapping_list": [
                  {
                    "block_storage_name": null,
                    "block_storage_size": 10737418240,
                    "block_storage_snapshot_instance_no": 23214591,
                    "block_storage_snapshot_name": "snapshot of ubuntu-22.04-base",
                    "block_storage_volume_type": "CB1",
                    "iops": 100,
                    "is_encrypted_volume": false,
                    "order": 0,
                    "throughput": 104857600
                  }
                ],
                "cpu_architecture_type": "X86_64",
                "description": "kernel version : 5.15.0-140-generic",
                "hypervisor_type": "KVM",
                "name": "ubuntu-22.04-base",
                "os_category_type": "LINUX",
                "os_type": "UBUNTU",
                "product_code": "SW.VSVR.OS.LNX64.UBNTU.SVR22.G003",
                "server_image_number": "23214590",
                "type": "NCP"
              }
            ],
            "output_file": null,
            "server_image_name": "ubuntu-22.04-base"
          },
          "sensitive_attributes": [],
          "identity_schema_version": 0
        }
      ]
    },
    {
      "mode": "data",
      "type": "ncloud_server_specs",
      "name": "kvm-spec",
      "provider": "provider[\"registry.terraform.io/navercloudplatform/ncloud\"]",
      "instances": [
        {
          "schema_version": 0,
          "attributes": {
            "filter": [
              {
                "name": "server_spec_code",
                "regex": null,
                "values": [
                  "s2-g3"
                ]
              }
            ],
            "id": "",
            "output_file": null,
            "server_spec_list": [
              {
                "block_storage_max_count": 20,
                "block_storage_max_iops": 4725,
                "block_storage_max_throughput": 81,
                "cpu_architecture_type": "X86_64",
                "cpu_count": 2,
                "description": "vCPU 2EA, Memory 8GB",
                "generation_code": "G3",
                "gpu_count": null,
                "hypervisor_type": "KVM",
                "memory_size": 8589934592,
                "network_interface_max_count": 3,
                "network_performance": 1000000000,
                "product_code": "SVR.VSVR.STAND.C002.M008.G003",
                "server_spec_code": "s2-g3"
              }
            ]
          },
          "sensitive_attributes": [],
          "identity_schema_version": 0
        }
      ]
    },
    {
      "mode": "managed",
      "type": "local_file",
      "name": "login_key_pem",
      "provider": "provider[\"registry.terraform.io/hashicorp/local\"]",
      "instances": [
        {
          "schema_version": 0,
          "attributes": {
            "content": "-----BEGIN RSA PRIVATE KEY-----\nMIIEpAIBAAKCAQEArWP0SwzQYoBuMYL+OKmTCKg6DWR06+7nXPyQ623XJmzTxotJ\nUFPUXWZmC/9jD3R2WXedOtZBKVALZhk6pRazGxm5U0+eldDSYEeDWL9yvIVVhSH/\nGZC7kWTF7mlpA5EequkbEy2gMyJxECPf0/3L5mp/lTVnBdc2JgT7yjXvURkgP3fP\nEivVmVQsXrmSev5X/msiOBSiEeqx9lQF/UNRCnIGAbxSgsEdgLJFtkWShEfbZK+t\npKwEqfdLuNCNZU20otNUEWiRh2xuqq/q5sb9OtO4Ci4RqgO0kqYiuS8K4mgFOy91\n7cBBbhujWKpA+RHke4eZCey2adYOjgqC948inwIDAQABAoIBABv7FWFHIBnFQAMd\ncIkUVHYBL90ZaQTp+Mw4tepIP4Aj78kKkTo1TQAFllI5VHMaCD9H3kewa7OPB0fi\nqmQZ1a156T5Yiu8CU/DVmYyo2IszuSlS4yftA1fjO03OFPROZvSNyaC+rCuUU0qX\nf3dmbZExfoVFqOp4YHSiOT/YlFYxw9Kq+V8TxFila0KBT4ZU0ukUJM2TUW7T5L+q\nt4spwjpVyS+XwhroPf51hINihv9mv4lN+7HAoSEQNHK+yZLquzV3sVTjiQ98aPrn\nDb/61iJnotdFT+f+EkRbLJKlBmWHVr451YMIdbxKn+EMB9H8M0oWOGO0XggutCf/\nY5NDGIECgYEA0tFtU6nUGqYLCue2dtsBDtILiwOv3/onUF3+67cXx0j8s+72fzGH\ngu1+rQbzBar48RQ9wsmyHJNqmRTj3UGLmSNY/KHujJBlSAr1MEnAsKw4shcjFuz0\nTpq8rf2E0Rf9f8iYMCoYjl7/pD7OPsVObJOPHiPtrA47rqEJf4jF24MCgYEA0o0N\nrR/9BWWwDku37JPgyjE8yR+rqBeiX/Wux6N51ZDaUY5LyZIKI4Of91scE/eSVG5T\nlm6fmQofvEBP7IQW+D/kS4McWCjbLpR/Q4tjfQkLNgADcnobixb1DWD//FfVHeft\nKS41n5RUPxvlFsbWUWl7tk0YLCLAB9kqj5F7JbUCgYEAlNFfwpp07ubdjrIpPNe2\ndHbTzSsqIQrea74esNiLwZMFSCNdAEa/aS4rqQrpzMt3df8a5gEpaUCrFCsJ+2tE\nlzK7o4LP+YwI4wVRNegqTM0WLKlmjM1yXHag0JXRByVPPsAkpoNg2Ee5YIExaGAx\nzzWO5vDn2vglK03kfZHYUe8CgYA4lqyMUUKhxrjQvs0KCpyp+x3JOHfcT63WeKOn\nCGrgWXQz4zi/Tj7nWKMPyi77tthfVN+mWMkQSsZIxEg22zGJOzLSkMR3dVOja0nh\nD3+HxXx74PkMNYFdmqf2FpH2cmzXAtSc8sx6vVT/OTITMxG7A8y6LHJIunY+JcHo\noEMm2QKBgQCn3tDn200jsa9g5PMdNaPk9SxfKYt23vKB7PfFKmDlOUUP9E0Htprq\npgVqtz6zGfRqGhzQTinnbrBUg/L4GckfVmRO/OrxfxALtrgSPSSOKAZAGh1lCtty\ncEjLfbmgZTalpf4YahsOc5ZbG8Afkn6kCmjH/6M9c0aeN0U6judPbw==\n-----END RSA PRIVATE KEY-----",
            "content_base64": null,
            "content_base64sha256": "o8CvPN20L5F66rp4ye/IDKk4P+gN8O9vSQqiwJMC38U=",
            "content_base64sha512": "XWee6ePg/yVPKKVI/INoKdwYEnVT0W1PcDXEK/5CCfR5LDY8xFLd0cC9NX67K4epXL/VJWzvkgF7v21mHzZtnw==",
            "content_md5": "9c651a3c86c6fb522c2971d18621b19c",
            "content_sha1": "4e63245036fbe24bd0c6fa1e7ec30a57b397e989",
            "content_sha256": "a3c0af3cddb42f917aeaba78c9efc80ca9383fe80df0ef6f490aa2c09302dfc5",
            "content_sha512": "5d679ee9e3e0ff254f28a548fc836829dc18127553d16d4f7035c42bfe4209f4792c363cc452ddd1c0bd357ebb2b87a95cbfd5256cef92017bbf6d661f366d9f",
            "directory_permission": "0777",
            "file_permission": "0400",
            "filename": "./tf-3tier-key-20250813023655.pem",
            "id": "4e63245036fbe24bd0c6fa1e7ec30a57b397e989",
            "sensitive_content": null,
            "source": null
          },
          "sensitive_attributes": [
            [
              {
                "type": "get_attr",
                "value": "content"
              }
            ],
            [
              {
                "type": "get_attr",
                "value": "sensitive_content"
              }
            ]
          ],
          "identity_schema_version": 0,
          "dependencies": [
            "ncloud_login_key.this"
          ]
        }
      ]
    },
    {
      "mode": "managed",
      "type": "ncloud_access_control_group",
      "name": "was_acg",
      "provider": "provider[\"registry.terraform.io/navercloudplatform/ncloud\"]",
      "instances": [
        {
          "schema_version": 0,
          "attributes": {
            "access_control_group_no": "295169",
            "description": "",
            "id": "295169",
            "is_default": false,
            "name": "tf-3tier-was-acg",
            "vpc_no": "118551"
          },
          "sensitive_attributes": [],
          "identity_schema_version": 0,
          "private": "bnVsbA==",
          "dependencies": [
            "ncloud_vpc.this"
          ]
        }
      ]
    },
    {
      "mode": "managed",
      "type": "ncloud_access_control_group",
      "name": "web_acg",
      "provider": "provider[\"registry.terraform.io/navercloudplatform/ncloud\"]",
      "instances": [
        {
          "schema_version": 0,
          "attributes": {
            "access_control_group_no": "295168",
            "description": "",
            "id": "295168",
            "is_default": false,
            "name": "tf-3tier-web-acg",
            "vpc_no": "118551"
          },
          "sensitive_attributes": [],
          "identity_schema_version": 0,
          "private": "bnVsbA==",
          "dependencies": [
            "ncloud_vpc.this"
          ]
        }
      ]
    },
    {
      "mode": "managed",
      "type": "ncloud_access_control_group_rule",
      "name": "was_rules",
      "provider": "provider[\"registry.terraform.io/navercloudplatform/ncloud\"]",
      "instances": [
        {
          "schema_version": 0,
          "attributes": {
            "access_control_group_no": "295169",
            "id": "295169",
            "inbound": [
              {
                "description": "",
                "ip_block": "10.0.1.0/24",
                "port_range": "8080",
                "protocol": "TCP",
                "source_access_control_group_no": ""
              }
            ],
            "outbound": [
              {
                "description": "",
                "ip_block": "0.0.0.0/0",
                "port_range": "1-65535",
                "protocol": "TCP",
                "source_access_control_group_no": ""
              }
            ],
            "timeouts": null
          },
          "sensitive_attributes": [],
          "identity_schema_version": 0,
          "private": "eyJlMmJmYjczMC1lY2FhLTExZTYtOGY4OC0zNDM2M2JjN2M0YzAiOnsiY3JlYXRlIjozNjAwMDAwMDAwMDAwLCJkZWxldGUiOjMwMDAwMDAwMDAwMCwidXBkYXRlIjo2MDAwMDAwMDAwMDB9fQ==",
          "dependencies": [
            "ncloud_access_control_group.was_acg",
            "ncloud_vpc.this"
          ]
        }
      ]
    },
    {
      "mode": "managed",
      "type": "ncloud_access_control_group_rule",
      "name": "web_rule",
      "provider": "provider[\"registry.terraform.io/navercloudplatform/ncloud\"]",
      "instances": [
        {
          "schema_version": 0,
          "attributes": {
            "access_control_group_no": "295168",
            "id": "295168",
            "inbound": [
              {
                "description": "",
                "ip_block": "0.0.0.0/0",
                "port_range": "",
                "protocol": "ICMP",
                "source_access_control_group_no": ""
              },
              {
                "description": "",
                "ip_block": "0.0.0.0/0",
                "port_range": "22",
                "protocol": "TCP",
                "source_access_control_group_no": ""
              },
              {
                "description": "",
                "ip_block": "0.0.0.0/0",
                "port_range": "80",
                "protocol": "TCP",
                "source_access_control_group_no": ""
              }
            ],
            "outbound": [
              {
                "description": "",
                "ip_block": "0.0.0.0/0",
                "port_range": "1-65535",
                "protocol": "TCP",
                "source_access_control_group_no": ""
              }
            ],
            "timeouts": null
          },
          "sensitive_attributes": [],
          "identity_schema_version": 0,
          "private": "eyJlMmJmYjczMC1lY2FhLTExZTYtOGY4OC0zNDM2M2JjN2M0YzAiOnsiY3JlYXRlIjozNjAwMDAwMDAwMDAwLCJkZWxldGUiOjMwMDAwMDAwMDAwMCwidXBkYXRlIjo2MDAwMDAwMDAwMDB9fQ==",
          "dependencies": [
            "ncloud_access_control_group.web_acg",
            "ncloud_vpc.this"
          ]
        }
      ]
    },
    {
      "mode": "managed",
      "type": "ncloud_lb",
      "name": "external_lb",
      "provider": "provider[\"registry.terraform.io/navercloudplatform/ncloud\"]",
      "instances": [
        {
          "schema_version": 0,
          "attributes": {
            "description": null,
            "domain": "external-lb-tf-3tier-108069640-5397ef4c114d.kr.lb.naverncp.com",
            "id": "108069640",
            "idle_timeout": 60,
            "ip_list": [
              "223.130.132.30"
            ],
            "listener_no_list": [
              "273980"
            ],
            "load_balancer_no": "108069640",
            "name": "external-lb-tf-3tier",
            "network_type": "PUBLIC",
            "subnet_no_list": [
              "250155"
            ],
            "throughput_type": "SMALL",
            "timeouts": null,
            "type": "APPLICATION",
            "vpc_no": "118551"
          },
          "sensitive_attributes": [],
          "identity_schema_version": 0,
          "dependencies": [
            "ncloud_subnet.public_lb",
            "ncloud_vpc.this"
          ]
        }
      ]
    },
    {
      "mode": "managed",
      "type": "ncloud_lb",
      "name": "internal_nlb",
      "provider": "provider[\"registry.terraform.io/navercloudplatform/ncloud\"]",
      "instances": [
        {
          "schema_version": 0,
          "attributes": {
            "description": null,
            "domain": "internal-nlb-tf-3tier-108069639-ae09f5d00307.kr.lb.naverncp.com",
            "id": "108069639",
            "idle_timeout": null,
            "ip_list": [
              "10.0.20.6"
            ],
            "listener_no_list": [
              "273979"
            ],
            "load_balancer_no": "108069639",
            "name": "internal-nlb-tf-3tier",
            "network_type": "PRIVATE",
            "subnet_no_list": [
              "250154"
            ],
            "throughput_type": "DYNAMIC",
            "timeouts": null,
            "type": "NETWORK",
            "vpc_no": "118551"
          },
          "sensitive_attributes": [],
          "identity_schema_version": 0,
          "dependencies": [
            "ncloud_subnet.private_lb",
            "ncloud_vpc.this"
          ]
        }
      ]
    },
    {
      "mode": "managed",
      "type": "ncloud_lb_listener",
      "name": "ex_lb_listener",
      "provider": "provider[\"registry.terraform.io/navercloudplatform/ncloud\"]",
      "instances": [
        {
          "schema_version": 0,
          "attributes": {
            "id": "273980",
            "listener_no": "273980",
            "load_balancer_no": "108069640",
            "port": 80,
            "protocol": "HTTP",
            "rule_no_list": [
              "330853"
            ],
            "ssl_certificate_no": null,
            "target_group_no": "4166298",
            "timeouts": null,
            "tls_min_version_type": null,
            "use_http2": false
          },
          "sensitive_attributes": [],
          "identity_schema_version": 0,
          "private": "eyJlMmJmYjczMC1lY2FhLTExZTYtOGY4OC0zNDM2M2JjN2M0YzAiOnsiY3JlYXRlIjozNjAwMDAwMDAwMDAwLCJkZWxldGUiOjMwMDAwMDAwMDAwMCwidXBkYXRlIjo2MDAwMDAwMDAwMDB9fQ==",
          "dependencies": [
            "ncloud_lb.external_lb",
            "ncloud_lb_target_group.ex_lb_target_group",
            "ncloud_subnet.public_lb",
            "ncloud_vpc.this"
          ]
        }
      ]
    },
    {
      "mode": "managed",
      "type": "ncloud_lb_listener",
      "name": "in_nlb_listener",
      "provider": "provider[\"registry.terraform.io/navercloudplatform/ncloud\"]",
      "instances": [
        {
          "schema_version": 0,
          "attributes": {
            "id": "273979",
            "listener_no": "273979",
            "load_balancer_no": "108069639",
            "port": 8080,
            "protocol": "TCP",
            "rule_no_list": [
              "330852"
            ],
            "ssl_certificate_no": null,
            "target_group_no": "4166299",
            "timeouts": null,
            "tls_min_version_type": null,
            "use_http2": false
          },
          "sensitive_attributes": [],
          "identity_schema_version": 0,
          "private": "eyJlMmJmYjczMC1lY2FhLTExZTYtOGY4OC0zNDM2M2JjN2M0YzAiOnsiY3JlYXRlIjozNjAwMDAwMDAwMDAwLCJkZWxldGUiOjMwMDAwMDAwMDAwMCwidXBkYXRlIjo2MDAwMDAwMDAwMDB9fQ==",
          "dependencies": [
            "ncloud_lb.internal_nlb",
            "ncloud_lb_target_group.in_nlb_target_group",
            "ncloud_subnet.private_lb",
            "ncloud_vpc.this"
          ]
        }
      ]
    },
    {
      "mode": "managed",
      "type": "ncloud_lb_target_group",
      "name": "ex_lb_target_group",
      "provider": "provider[\"registry.terraform.io/navercloudplatform/ncloud\"]",
      "instances": [
        {
          "schema_version": 0,
          "attributes": {
            "algorithm_type": "RR",
            "description": null,
            "health_check": [
              {
                "cycle": 30,
                "down_threshold": 2,
                "http_method": "GET",
                "port": 80,
                "protocol": "HTTP",
                "up_threshold": 2,
                "url_path": "/"
              }
            ],
            "id": "4166298",
            "load_balancer_instance_no": "108069640",
            "name": "tg198a13d79dd",
            "port": 80,
            "protocol": "HTTP",
            "target_group_no": "4166298",
            "target_no_list": [
              "108069636"
            ],
            "target_type": "VSVR",
            "use_proxy_protocol": false,
            "use_sticky_session": false,
            "vpc_no": "118551"
          },
          "sensitive_attributes": [],
          "identity_schema_version": 0,
          "private": "bnVsbA==",
          "dependencies": [
            "ncloud_vpc.this"
          ]
        }
      ]
    },
    {
      "mode": "managed",
      "type": "ncloud_lb_target_group",
      "name": "in_nlb_target_group",
      "provider": "provider[\"registry.terraform.io/navercloudplatform/ncloud\"]",
      "instances": [
        {
          "schema_version": 0,
          "attributes": {
            "algorithm_type": "RR",
            "description": null,
            "health_check": [
              {
                "cycle": 30,
                "down_threshold": 2,
                "http_method": "",
                "port": 8080,
                "protocol": "TCP",
                "up_threshold": 2,
                "url_path": ""
              }
            ],
            "id": "4166299",
            "load_balancer_instance_no": "108069639",
            "name": "tg198a13d79e3",
            "port": 8080,
            "protocol": "TCP",
            "target_group_no": "4166299",
            "target_no_list": [
              "108069641"
            ],
            "target_type": "VSVR",
            "use_proxy_protocol": false,
            "use_sticky_session": false,
            "vpc_no": "118551"
          },
          "sensitive_attributes": [],
          "identity_schema_version": 0,
          "private": "bnVsbA==",
          "dependencies": [
            "ncloud_vpc.this"
          ]
        }
      ]
    },
    {
      "mode": "managed",
      "type": "ncloud_lb_target_group_attachment",
      "name": "ex_lb_target_group_attach",
      "provider": "provider[\"registry.terraform.io/navercloudplatform/ncloud\"]",
      "instances": [
        {
          "schema_version": 0,
          "attributes": {
            "id": "2025-08-13 02:28:43.108217879 +0000 UTC",
            "target_group_no": "4166298",
            "target_no_list": [
              "108069933"
            ],
            "timeouts": null
          },
          "sensitive_attributes": [],
          "identity_schema_version": 0,
          "private": "eyJlMmJmYjczMC1lY2FhLTExZTYtOGY4OC0zNDM2M2JjN2M0YzAiOnsiY3JlYXRlIjozNjAwMDAwMDAwMDAwLCJkZWxldGUiOjMwMDAwMDAwMDAwMH19",
          "dependencies": [
            "data.ncloud_server_image_numbers.kvm-image",
            "data.ncloud_server_specs.kvm-spec",
            "ncloud_access_control_group.web_acg",
            "ncloud_lb_target_group.ex_lb_target_group",
            "ncloud_login_key.this",
            "ncloud_network_interface.web_nic",
            "ncloud_server.web",
            "ncloud_subnet.public",
            "ncloud_vpc.this"
          ]
        }
      ]
    },
    {
      "mode": "managed",
      "type": "ncloud_lb_target_group_attachment",
      "name": "in_nlb_attach",
      "provider": "provider[\"registry.terraform.io/navercloudplatform/ncloud\"]",
      "instances": [
        {
          "schema_version": 0,
          "attributes": {
            "id": "2025-08-13 02:28:51.428271302 +0000 UTC",
            "target_group_no": "4166299",
            "target_no_list": [
              "108069929"
            ],
            "timeouts": null
          },
          "sensitive_attributes": [],
          "identity_schema_version": 0,
          "private": "eyJlMmJmYjczMC1lY2FhLTExZTYtOGY4OC0zNDM2M2JjN2M0YzAiOnsiY3JlYXRlIjozNjAwMDAwMDAwMDAwLCJkZWxldGUiOjMwMDAwMDAwMDAwMH19",
          "dependencies": [
            "data.ncloud_server_image_numbers.kvm-image",
            "data.ncloud_server_specs.kvm-spec",
            "ncloud_access_control_group.was_acg",
            "ncloud_lb_target_group.in_nlb_target_group",
            "ncloud_login_key.this",
            "ncloud_network_interface.was_nic",
            "ncloud_server.was",
            "ncloud_subnet.private",
            "ncloud_vpc.this"
          ]
        }
      ]
    },
    {
      "mode": "managed",
      "type": "ncloud_login_key",
      "name": "this",
      "provider": "provider[\"registry.terraform.io/navercloudplatform/ncloud\"]",
      "instances": [
        {
          "schema_version": 0,
          "attributes": {
            "fingerprint": "",
            "id": "tf-3tier-key-20250813023655",
            "key_name": "tf-3tier-key-20250813023655",
            "private_key": "-----BEGIN RSA PRIVATE KEY-----\nMIIEpAIBAAKCAQEArWP0SwzQYoBuMYL+OKmTCKg6DWR06+7nXPyQ623XJmzTxotJ\nUFPUXWZmC/9jD3R2WXedOtZBKVALZhk6pRazGxm5U0+eldDSYEeDWL9yvIVVhSH/\nGZC7kWTF7mlpA5EequkbEy2gMyJxECPf0/3L5mp/lTVnBdc2JgT7yjXvURkgP3fP\nEivVmVQsXrmSev5X/msiOBSiEeqx9lQF/UNRCnIGAbxSgsEdgLJFtkWShEfbZK+t\npKwEqfdLuNCNZU20otNUEWiRh2xuqq/q5sb9OtO4Ci4RqgO0kqYiuS8K4mgFOy91\n7cBBbhujWKpA+RHke4eZCey2adYOjgqC948inwIDAQABAoIBABv7FWFHIBnFQAMd\ncIkUVHYBL90ZaQTp+Mw4tepIP4Aj78kKkTo1TQAFllI5VHMaCD9H3kewa7OPB0fi\nqmQZ1a156T5Yiu8CU/DVmYyo2IszuSlS4yftA1fjO03OFPROZvSNyaC+rCuUU0qX\nf3dmbZExfoVFqOp4YHSiOT/YlFYxw9Kq+V8TxFila0KBT4ZU0ukUJM2TUW7T5L+q\nt4spwjpVyS+XwhroPf51hINihv9mv4lN+7HAoSEQNHK+yZLquzV3sVTjiQ98aPrn\nDb/61iJnotdFT+f+EkRbLJKlBmWHVr451YMIdbxKn+EMB9H8M0oWOGO0XggutCf/\nY5NDGIECgYEA0tFtU6nUGqYLCue2dtsBDtILiwOv3/onUF3+67cXx0j8s+72fzGH\ngu1+rQbzBar48RQ9wsmyHJNqmRTj3UGLmSNY/KHujJBlSAr1MEnAsKw4shcjFuz0\nTpq8rf2E0Rf9f8iYMCoYjl7/pD7OPsVObJOPHiPtrA47rqEJf4jF24MCgYEA0o0N\nrR/9BWWwDku37JPgyjE8yR+rqBeiX/Wux6N51ZDaUY5LyZIKI4Of91scE/eSVG5T\nlm6fmQofvEBP7IQW+D/kS4McWCjbLpR/Q4tjfQkLNgADcnobixb1DWD//FfVHeft\nKS41n5RUPxvlFsbWUWl7tk0YLCLAB9kqj5F7JbUCgYEAlNFfwpp07ubdjrIpPNe2\ndHbTzSsqIQrea74esNiLwZMFSCNdAEa/aS4rqQrpzMt3df8a5gEpaUCrFCsJ+2tE\nlzK7o4LP+YwI4wVRNegqTM0WLKlmjM1yXHag0JXRByVPPsAkpoNg2Ee5YIExaGAx\nzzWO5vDn2vglK03kfZHYUe8CgYA4lqyMUUKhxrjQvs0KCpyp+x3JOHfcT63WeKOn\nCGrgWXQz4zi/Tj7nWKMPyi77tthfVN+mWMkQSsZIxEg22zGJOzLSkMR3dVOja0nh\nD3+HxXx74PkMNYFdmqf2FpH2cmzXAtSc8sx6vVT/OTITMxG7A8y6LHJIunY+JcHo\noEMm2QKBgQCn3tDn200jsa9g5PMdNaPk9SxfKYt23vKB7PfFKmDlOUUP9E0Htprq\npgVqtz6zGfRqGhzQTinnbrBUg/L4GckfVmRO/OrxfxALtrgSPSSOKAZAGh1lCtty\ncEjLfbmgZTalpf4YahsOc5ZbG8Afkn6kCmjH/6M9c0aeN0U6judPbw==\n-----END RSA PRIVATE KEY-----"
          },
          "sensitive_attributes": [
            [
              {
                "type": "get_attr",
                "value": "private_key"
              }
            ]
          ],
          "identity_schema_version": 0
        }
      ]
    },
    {
      "mode": "managed",
      "type": "ncloud_network_interface",
      "name": "was_nic",
      "provider": "provider[\"registry.terraform.io/navercloudplatform/ncloud\"]",
      "instances": [
        {
          "schema_version": 0,
          "attributes": {
            "access_control_groups": [
              "295169"
            ],
            "description": "",
            "id": "4891016",
            "instance_type": "VSVR",
            "is_default": true,
            "name": "was-nic",
            "network_interface_no": "4891016",
            "private_ip": "10.0.2.6",
            "server_instance_no": "108069641",
            "status": "USED",
            "subnet_no": "250156"
          },
          "sensitive_attributes": [],
          "identity_schema_version": 0,
          "private": "bnVsbA==",
          "dependencies": [
            "ncloud_access_control_group.was_acg",
            "ncloud_subnet.private",
            "ncloud_vpc.this"
          ]
        }
      ]
    },
    {
      "mode": "managed",
      "type": "ncloud_network_interface",
      "name": "web_nic",
      "provider": "provider[\"registry.terraform.io/navercloudplatform/ncloud\"]",
      "instances": [
        {
          "schema_version": 0,
          "attributes": {
            "access_control_groups": [
              "295168"
            ],
            "description": "",
            "id": "4891014",
            "instance_type": "VSVR",
            "is_default": true,
            "name": "web-nic",
            "network_interface_no": "4891014",
            "private_ip": "10.0.1.6",
            "server_instance_no": "108069636",
            "status": "USED",
            "subnet_no": "250153"
          },
          "sensitive_attributes": [],
          "identity_schema_version": 0,
          "private": "bnVsbA==",
          "dependencies": [
            "ncloud_access_control_group.web_acg",
            "ncloud_subnet.public",
            "ncloud_vpc.this"
          ]
        }
      ]
    },
    {
      "mode": "managed",
      "type": "ncloud_server",
      "name": "was",
      "provider": "provider[\"registry.terraform.io/navercloudplatform/ncloud\"]",
      "instances": [
        {
          "index_key": 0,
          "schema_version": 0,
          "attributes": {
            "access_control_group_configuration_no_list": null,
            "base_block_storage_disk_detail_type": "SSD",
            "base_block_storage_disk_type": "NET",
            "base_block_storage_size": null,
            "block_device_partition_list": [],
            "cpu_count": 2,
            "description": "",
            "fee_system_type_code": null,
            "hypervisor_type": "KVM",
            "id": "108069929",
            "init_script_no": "",
            "instance_no": "108069929",
            "internet_line_type": null,
            "is_encrypted_base_block_storage_volume": null,
            "is_fee_charging_monitoring": null,
            "is_protect_server_termination": false,
            "login_key_name": "tf-3tier-key-20250813023655",
            "member_server_image_no": null,
            "memory_size": 8589934592,
            "name": "tf-3tier-was-1",
            "network_interface": [
              {
                "network_interface_no": "4891016",
                "order": 0,
                "private_ip": "10.0.2.6",
                "subnet_no": "250156"
              }
            ],
            "placement_group_no": "",
            "platform_type": "UBD64",
            "port_forwarding_external_port": null,
            "port_forwarding_internal_port": null,
            "port_forwarding_public_ip": null,
            "private_ip": null,
            "public_ip": "",
            "raid_type_name": null,
            "region": null,
            "server_image_name": null,
            "server_image_number": "23214590",
            "server_image_product_code": "SW.VSVR.OS.LNX64.UBNTU.SVR22.G003",
            "server_product_code": "SVR.VSVR.STAND.C002.M008.G003",
            "server_spec_code": "s2-g3",
            "subnet_no": "250156",
            "tag_list": [],
            "timeouts": null,
            "user_data": null,
            "vpc_no": "118551",
            "zone": "KR-1"
          },
          "sensitive_attributes": [],
          "identity_schema_version": 0,
          "private": "eyJlMmJmYjczMC1lY2FhLTExZTYtOGY4OC0zNDM2M2JjN2M0YzAiOnsiY3JlYXRlIjozNjAwMDAwMDAwMDAwLCJkZWxldGUiOjMwMDAwMDAwMDAwMH19",
          "dependencies": [
            "data.ncloud_server_image_numbers.kvm-image",
            "data.ncloud_server_specs.kvm-spec",
            "ncloud_access_control_group.was_acg",
            "ncloud_login_key.this",
            "ncloud_network_interface.was_nic",
            "ncloud_subnet.private",
            "ncloud_vpc.this"
          ]
        }
      ]
    },
    {
      "mode": "managed",
      "type": "ncloud_server",
      "name": "web",
      "provider": "provider[\"registry.terraform.io/navercloudplatform/ncloud\"]",
      "instances": [
        {
          "index_key": 0,
          "schema_version": 0,
          "attributes": {
            "access_control_group_configuration_no_list": null,
            "base_block_storage_disk_detail_type": "SSD",
            "base_block_storage_disk_type": "NET",
            "base_block_storage_size": null,
            "block_device_partition_list": [],
            "cpu_count": 2,
            "description": "",
            "fee_system_type_code": null,
            "hypervisor_type": "KVM",
            "id": "108069933",
            "init_script_no": "",
            "instance_no": "108069933",
            "internet_line_type": null,
            "is_encrypted_base_block_storage_volume": null,
            "is_fee_charging_monitoring": null,
            "is_protect_server_termination": false,
            "login_key_name": "tf-3tier-key-20250813023655",
            "member_server_image_no": null,
            "memory_size": 8589934592,
            "name": "tf-3tier-web-1",
            "network_interface": [
              {
                "network_interface_no": "4891014",
                "order": 0,
                "private_ip": "10.0.1.6",
                "subnet_no": "250153"
              }
            ],
            "placement_group_no": "",
            "platform_type": "UBD64",
            "port_forwarding_external_port": null,
            "port_forwarding_internal_port": null,
            "port_forwarding_public_ip": null,
            "private_ip": null,
            "public_ip": "",
            "raid_type_name": null,
            "region": null,
            "server_image_name": null,
            "server_image_number": "23214590",
            "server_image_product_code": "SW.VSVR.OS.LNX64.UBNTU.SVR22.G003",
            "server_product_code": "SVR.VSVR.STAND.C002.M008.G003",
            "server_spec_code": "s2-g3",
            "subnet_no": "250153",
            "tag_list": [],
            "timeouts": null,
            "user_data": null,
            "vpc_no": "118551",
            "zone": "KR-1"
          },
          "sensitive_attributes": [],
          "identity_schema_version": 0,
          "private": "eyJlMmJmYjczMC1lY2FhLTExZTYtOGY4OC0zNDM2M2JjN2M0YzAiOnsiY3JlYXRlIjozNjAwMDAwMDAwMDAwLCJkZWxldGUiOjMwMDAwMDAwMDAwMH19",
          "dependencies": [
            "data.ncloud_server_image_numbers.kvm-image",
            "data.ncloud_server_specs.kvm-spec",
            "ncloud_access_control_group.web_acg",
            "ncloud_login_key.this",
            "ncloud_network_interface.web_nic",
            "ncloud_subnet.public",
            "ncloud_vpc.this"
          ]
        }
      ]
    },
    {
      "mode": "managed",
      "type": "ncloud_subnet",
      "name": "private",
      "provider": "provider[\"registry.terraform.io/navercloudplatform/ncloud\"]",
      "instances": [
        {
          "schema_version": 0,
          "attributes": {
            "id": "250156",
            "name": "tf-3tier-priv",
            "network_acl_no": "162673",
            "subnet": "10.0.2.0/24",
            "subnet_no": "250156",
            "subnet_type": "PRIVATE",
            "usage_type": "GEN",
            "vpc_no": "118551",
            "zone": "KR-1"
          },
          "sensitive_attributes": [],
          "identity_schema_version": 0,
          "dependencies": [
            "ncloud_vpc.this"
          ]
        }
      ]
    },
    {
      "mode": "managed",
      "type": "ncloud_subnet",
      "name": "private_lb",
      "provider": "provider[\"registry.terraform.io/navercloudplatform/ncloud\"]",
      "instances": [
        {
          "schema_version": 0,
          "attributes": {
            "id": "250154",
            "name": "tf-3tier-priv-lb",
            "network_acl_no": "162673",
            "subnet": "10.0.20.0/24",
            "subnet_no": "250154",
            "subnet_type": "PRIVATE",
            "usage_type": "LOADB",
            "vpc_no": "118551",
            "zone": "KR-1"
          },
          "sensitive_attributes": [],
          "identity_schema_version": 0,
          "dependencies": [
            "ncloud_vpc.this"
          ]
        }
      ]
    },
    {
      "mode": "managed",
      "type": "ncloud_subnet",
      "name": "public",
      "provider": "provider[\"registry.terraform.io/navercloudplatform/ncloud\"]",
      "instances": [
        {
          "schema_version": 0,
          "attributes": {
            "id": "250153",
            "name": "tf-3tier-pub",
            "network_acl_no": "162673",
            "subnet": "10.0.1.0/24",
            "subnet_no": "250153",
            "subnet_type": "PUBLIC",
            "usage_type": "GEN",
            "vpc_no": "118551",
            "zone": "KR-1"
          },
          "sensitive_attributes": [],
          "identity_schema_version": 0,
          "dependencies": [
            "ncloud_vpc.this"
          ]
        }
      ]
    },
    {
      "mode": "managed",
      "type": "ncloud_subnet",
      "name": "public_lb",
      "provider": "provider[\"registry.terraform.io/navercloudplatform/ncloud\"]",
      "instances": [
        {
          "schema_version": 0,
          "attributes": {
            "id": "250155",
            "name": "tf-3tier-pub-lb",
            "network_acl_no": "162673",
            "subnet": "10.0.10.0/24",
            "subnet_no": "250155",
            "subnet_type": "PUBLIC",
            "usage_type": "LOADB",
            "vpc_no": "118551",
            "zone": "KR-1"
          },
          "sensitive_attributes": [],
          "identity_schema_version": 0,
          "dependencies": [
            "ncloud_vpc.this"
          ]
        }
      ]
    },
    {
      "mode": "managed",
      "type": "ncloud_vpc",
      "name": "this",
      "provider": "provider[\"registry.terraform.io/navercloudplatform/ncloud\"]",
      "instances": [
        {
          "schema_version": 0,
          "attributes": {
            "default_access_control_group_no": "295166",
            "default_network_acl_no": "162673",
            "default_private_route_table_no": "245619",
            "default_public_route_table_no": "245618",
            "id": "118551",
            "ipv4_cidr_block": "10.0.0.0/16",
            "name": "tf-3tier-vpc",
            "vpc_no": "118551"
          },
          "sensitive_attributes": [],
          "identity_schema_version": 0
        }
      ]
    }
  ],
  "check_results": null
}
