{
  "version": 4,
  "terraform_version": "1.12.2",
  "serial": 44,
  "lineage": "07a4d70e-f073-bbea-2541-18eac8be6915",
  "outputs": {},
  "resources": [
    {
      "mode": "managed",
      "type": "ncloud_access_control_group",
      "name": "was_acg",
      "provider": "provider[\"registry.terraform.io/navercloudplatform/ncloud\"]",
      "instances": [
        {
          "schema_version": 0,
          "attributes": {
            "access_control_group_no": "294677",
            "description": "",
            "id": "294677",
            "is_default": false,
            "name": "tf-3tier-was-acg",
            "vpc_no": "118362"
          },
          "sensitive_attributes": [],
          "identity_schema_version": 0,
          "private": "bnVsbA==",
          "dependencies": [
            "ncloud_vpc.this"
          ]
        }
      ]
    },
    {
      "mode": "managed",
      "type": "ncloud_access_control_group",
      "name": "web_acg",
      "provider": "provider[\"registry.terraform.io/navercloudplatform/ncloud\"]",
      "instances": [
        {
          "schema_version": 0,
          "attributes": {
            "access_control_group_no": "294678",
            "description": "",
            "id": "294678",
            "is_default": false,
            "name": "tf-3tier-web-acg",
            "vpc_no": "118362"
          },
          "sensitive_attributes": [],
          "identity_schema_version": 0,
          "private": "bnVsbA==",
          "dependencies": [
            "ncloud_vpc.this"
          ]
        }
      ]
    },
    {
      "mode": "managed",
      "type": "ncloud_access_control_group_rule",
      "name": "was_rules",
      "provider": "provider[\"registry.terraform.io/navercloudplatform/ncloud\"]",
      "instances": [
        {
          "schema_version": 0,
          "attributes": {
            "access_control_group_no": "294677",
            "id": "294677",
            "inbound": [
              {
                "description": "",
                "ip_block": "10.0.1.0/24",
                "port_range": "8080",
                "protocol": "TCP",
                "source_access_control_group_no": ""
              }
            ],
            "outbound": [
              {
                "description": "",
                "ip_block": "0.0.0.0/0",
                "port_range": "1-65535",
                "protocol": "TCP",
                "source_access_control_group_no": ""
              }
            ],
            "timeouts": null
          },
          "sensitive_attributes": [],
          "identity_schema_version": 0,
          "private": "eyJlMmJmYjczMC1lY2FhLTExZTYtOGY4OC0zNDM2M2JjN2M0YzAiOnsiY3JlYXRlIjozNjAwMDAwMDAwMDAwLCJkZWxldGUiOjMwMDAwMDAwMDAwMCwidXBkYXRlIjo2MDAwMDAwMDAwMDB9fQ==",
          "dependencies": [
            "ncloud_access_control_group.was_acg",
            "ncloud_vpc.this"
          ]
        }
      ]
    },
    {
      "mode": "managed",
      "type": "ncloud_access_control_group_rule",
      "name": "web_rule",
      "provider": "provider[\"registry.terraform.io/navercloudplatform/ncloud\"]",
      "instances": [
        {
          "schema_version": 0,
          "attributes": {
            "access_control_group_no": "294678",
            "id": "294678",
            "inbound": [
              {
                "description": "",
                "ip_block": "0.0.0.0/0",
                "port_range": "",
                "protocol": "ICMP",
                "source_access_control_group_no": ""
              },
              {
                "description": "",
                "ip_block": "0.0.0.0/0",
                "port_range": "22",
                "protocol": "TCP",
                "source_access_control_group_no": ""
              },
              {
                "description": "",
                "ip_block": "0.0.0.0/0",
                "port_range": "80",
                "protocol": "TCP",
                "source_access_control_group_no": ""
              }
            ],
            "outbound": [
              {
                "description": "",
                "ip_block": "0.0.0.0/0",
                "port_range": "1-65535",
                "protocol": "TCP",
                "source_access_control_group_no": ""
              }
            ],
            "timeouts": null
          },
          "sensitive_attributes": [],
          "identity_schema_version": 0,
          "private": "eyJlMmJmYjczMC1lY2FhLTExZTYtOGY4OC0zNDM2M2JjN2M0YzAiOnsiY3JlYXRlIjozNjAwMDAwMDAwMDAwLCJkZWxldGUiOjMwMDAwMDAwMDAwMCwidXBkYXRlIjo2MDAwMDAwMDAwMDB9fQ==",
          "dependencies": [
            "ncloud_access_control_group.web_acg",
            "ncloud_vpc.this"
          ]
        }
      ]
    },
    {
      "mode": "managed",
      "type": "ncloud_lb",
      "name": "external_lb",
      "provider": "provider[\"registry.terraform.io/navercloudplatform/ncloud\"]",
      "instances": [
        {
          "schema_version": 0,
          "attributes": {
            "description": null,
            "domain": "external-lb-tf-3tier-108066544-44b0a8049ca2.kr.lb.naverncp.com",
            "id": "108066544",
            "idle_timeout": 60,
            "ip_list": [
              "49.50.129.105"
            ],
            "listener_no_list": [],
            "load_balancer_no": "108066544",
            "name": "external-lb-tf-3tier",
            "network_type": "PUBLIC",
            "subnet_no_list": [
              "249710"
            ],
            "throughput_type": "SMALL",
            "timeouts": null,
            "type": "APPLICATION",
            "vpc_no": "118362"
          },
          "sensitive_attributes": [],
          "identity_schema_version": 0,
          "dependencies": [
            "ncloud_subnet.public_lb",
            "ncloud_vpc.this"
          ]
        }
      ]
    },
    {
      "mode": "managed",
      "type": "ncloud_lb_listener",
      "name": "ex_lb_listener",
      "provider": "provider[\"registry.terraform.io/navercloudplatform/ncloud\"]",
      "instances": [
        {
          "schema_version": 0,
          "attributes": {
            "id": "273898",
            "listener_no": "273898",
            "load_balancer_no": "108066544",
            "port": 80,
            "protocol": "HTTP",
            "rule_no_list": [
              "330767"
            ],
            "ssl_certificate_no": null,
            "target_group_no": "4161225",
            "timeouts": null,
            "tls_min_version_type": null,
            "use_http2": false
          },
          "sensitive_attributes": [],
          "identity_schema_version": 0,
          "private": "eyJlMmJmYjczMC1lY2FhLTExZTYtOGY4OC0zNDM2M2JjN2M0YzAiOnsiY3JlYXRlIjozNjAwMDAwMDAwMDAwLCJkZWxldGUiOjMwMDAwMDAwMDAwMCwidXBkYXRlIjo2MDAwMDAwMDAwMDB9fQ==",
          "dependencies": [
            "ncloud_lb.external_lb",
            "ncloud_lb_target_group.ex_lb_target_group",
            "ncloud_subnet.public_lb",
            "ncloud_vpc.this"
          ]
        }
      ]
    },
    {
      "mode": "managed",
      "type": "ncloud_lb_target_group",
      "name": "ex_lb_target_group",
      "provider": "provider[\"registry.terraform.io/navercloudplatform/ncloud\"]",
      "instances": [
        {
          "schema_version": 0,
          "attributes": {
            "algorithm_type": "RR",
            "description": null,
            "health_check": [
              {
                "cycle": 30,
                "down_threshold": 2,
                "http_method": "GET",
                "port": 80,
                "protocol": "HTTP",
                "up_threshold": 2,
                "url_path": "/"
              }
            ],
            "id": "4161225",
            "load_balancer_instance_no": "",
            "name": "tg1989c3ec868",
            "port": 80,
            "protocol": "HTTP",
            "target_group_no": "4161225",
            "target_no_list": [],
            "target_type": "VSVR",
            "use_proxy_protocol": false,
            "use_sticky_session": false,
            "vpc_no": "118362"
          },
          "sensitive_attributes": [],
          "identity_schema_version": 0,
          "private": "bnVsbA==",
          "dependencies": [
            "ncloud_vpc.this"
          ]
        }
      ]
    },
    {
      "mode": "managed",
      "type": "ncloud_login_key",
      "name": "this",
      "provider": "provider[\"registry.terraform.io/navercloudplatform/ncloud\"]",
      "instances": [
        {
          "schema_version": 0,
          "attributes": {
            "fingerprint": "",
            "id": "tf-3tier-key-20250813004930",
            "key_name": "tf-3tier-key-20250813004930",
            "private_key": "-----BEGIN RSA PRIVATE KEY-----\nMIIEowIBAAKCAQEA0ykNVuL7ogH/hvyJuZARDAHBqgz04bgmFBd8YQDKY1deW4Ol\nZamEuyAQc+9pBJl35l5zo/jiCfJ90YJDE15zyzKvSWZ0w/T1CaPaui01i1+W7+DY\nodqJ+Kc1tlGm1O0m14L1grM8hh/o75CNojTJEFTxvutNZuuP+UBgdjtbMI3UbZUN\nE0TwapPqhATxn1YMnxMOF4koBvJg5e8yObUB6cZ4yuxkL285OR8iBLVxw1tYfmX7\nNbmBr3pIGZumS4J4YmoSH3NsT9TTUqc5GBL288ouZwTUR2SGw9jhWcVWQdRMcOuT\nZmrAubobBG8zgung/kjxl/To+azCzuW+wRFMZwIDAQABAoIBAAN13sQXwCvtgHSD\n2vXxiHX76WKSB8lTLTyTDfTBAJAUNHWneKRr3ML8SYi82am7oh1iWt7LC1lCYhF2\n4waEO72OvRSk2zEC6KkZyFHYv9Hi5SRVOPeeDzjF9LliKSvAHyzU9pUHvuwrxbN3\nWPrZhpn/6l5ImOIg5iEdjvchDeODx+KEOImmGUAb7JuMe981YABTgvouRvo16krk\n08sSftYg7AM6o6zfSce3kq8v6v83yjuS9yzl8VNgA12GWsfuDNDg32M2LxniSFTV\nvJFvjg9Pt6wYo0alcPzxoI3Nz0AeJegVexyYVhecozAPseKQi4HPGJlPzBE2HolO\nOQFkqJECgYEA6nrQMoSGl86sXWuUGeq7Xc0gdxXhO2iPU8wKN0BLneFu2CkBoflF\npWYok+5Dnne1F5FcnQ/YDQLsJEmlDs8Ut+UAYGb2W1dLfsXWbOGcJPqRLQdKB+Py\nyw9/vwMQEo2UUCGjiFdk5Q0LrNiU7YWq/N6qXK9aDjGEwvvgV635c7UCgYEA5opX\nbtlv8wSA4o3uW9S5YamK1JO18y0w4BiskDZdBIoRg/4+7EeSTQeOiKmbu6pUY2bK\nvQxZD0t2IJXerscTeTynIMbkcMago2ttyB6ZQ7Qmp8tlI1KWhyxV6rKg/aSpVeDT\n6iWPd5M9u7XkTB/xpRydh/CdYuJU3xFKdAmjiSsCgYBAYgaGyILYbiQ/5okc8KoP\n4IIYkMZudJBeVvk7IIliyYKREfljyzlHaByeOd8RRRdRaFWAvtf5AqNqd1o+DbhH\nojaPQdZFUFvnbFUrQmuIb9CrB4RZVErXXOMbxLCGF5/wvLvVdQG8Lu/UvwdtjLVd\nh5pJptBYc1pb26NHD/sdvQKBgQCNVa64hJE/WTlyqzTAE6/7EafNHyljBgd6u2W/\nm7R2/fYzB4Gn9VDZ7JITcnfJG2lU70XHlHRdDhRDcd3tJJrprqd/Tq/p+7urtEa/\ncxLfEOjJ4cYFW7Jw+FtL4WsVVQeDYKxKVfCYjCpClAZ8LPFGGj7xgi/a2YrSnpUY\ngnhBtQKBgBYIu/2wiwmvSrvEu4GUyEbC4gEmk0AknhHqu4yce6VbMncmtgnPkCdR\nU/R/2wddtFsJpqIZX4IY3koBWuqIWVOD9SzocKqEPQurYscgTxCKcomGhfMawlz7\nJwCCJ++uFpAv7PACDMwGTq88YMVhJ2wbTu2k/bhVOaL1lO4Icwsm\n-----END RSA PRIVATE KEY-----"
          },
          "sensitive_attributes": [
            [
              {
                "type": "get_attr",
                "value": "private_key"
              }
            ]
          ],
          "identity_schema_version": 0
        }
      ]
    },
    {
      "mode": "managed",
      "type": "ncloud_network_interface",
      "name": "was_nic",
      "provider": "provider[\"registry.terraform.io/navercloudplatform/ncloud\"]",
      "instances": [
        {
          "schema_version": 0,
          "attributes": {
            "access_control_groups": [
              "294677"
            ],
            "description": "",
            "id": "4888445",
            "instance_type": null,
            "is_default": false,
            "name": "was-nic",
            "network_interface_no": "4888445",
            "private_ip": "10.0.2.6",
            "server_instance_no": "",
            "status": "NOTUSED",
            "subnet_no": "249708"
          },
          "sensitive_attributes": [],
          "identity_schema_version": 0,
          "private": "bnVsbA==",
          "dependencies": [
            "ncloud_access_control_group.was_acg",
            "ncloud_subnet.private",
            "ncloud_vpc.this"
          ]
        }
      ]
    },
    {
      "mode": "managed",
      "type": "ncloud_network_interface",
      "name": "web_nic",
      "provider": "provider[\"registry.terraform.io/navercloudplatform/ncloud\"]",
      "instances": [
        {
          "schema_version": 0,
          "attributes": {
            "access_control_groups": [
              "294678"
            ],
            "description": "",
            "id": "4888446",
            "instance_type": null,
            "is_default": false,
            "name": "web-nic",
            "network_interface_no": "4888446",
            "private_ip": "10.0.1.6",
            "server_instance_no": "",
            "status": "NOTUSED",
            "subnet_no": "249709"
          },
          "sensitive_attributes": [],
          "identity_schema_version": 0,
          "private": "bnVsbA==",
          "dependencies": [
            "ncloud_access_control_group.web_acg",
            "ncloud_subnet.public",
            "ncloud_vpc.this"
          ]
        }
      ]
    },
    {
      "mode": "managed",
      "type": "ncloud_server",
      "name": "was",
      "provider": "provider[\"registry.terraform.io/navercloudplatform/ncloud\"]",
      "instances": [
        {
          "index_key": 0,
          "schema_version": 0,
          "attributes": {
            "access_control_group_configuration_no_list": null,
            "base_block_storage_disk_detail_type": "SSD",
            "base_block_storage_disk_type": "NET",
            "base_block_storage_size": null,
            "block_device_partition_list": [],
            "cpu_count": 2,
            "description": "",
            "fee_system_type_code": null,
            "hypervisor_type": "KVM",
            "id": "108066550",
            "init_script_no": "",
            "instance_no": "108066550",
            "internet_line_type": null,
            "is_encrypted_base_block_storage_volume": null,
            "is_fee_charging_monitoring": null,
            "is_protect_server_termination": false,
            "login_key_name": "tf-3tier-key-20250813004930",
            "member_server_image_no": null,
            "memory_size": 8589934592,
            "name": "tf-3tier-was-1",
            "network_interface": [
              {
                "network_interface_no": "4888445",
                "order": 0,
                "private_ip": "10.0.2.6",
                "subnet_no": "249708"
              }
            ],
            "placement_group_no": "",
            "platform_type": "UBD64",
            "port_forwarding_external_port": null,
            "port_forwarding_internal_port": null,
            "port_forwarding_public_ip": null,
            "private_ip": null,
            "public_ip": "",
            "raid_type_name": null,
            "region": null,
            "server_image_name": null,
            "server_image_number": "23214590",
            "server_image_product_code": "SW.VSVR.OS.LNX64.UBNTU.SVR22.G003",
            "server_product_code": "SVR.VSVR.STAND.C002.M008.G003",
            "server_spec_code": "s2-g3",
            "subnet_no": "249708",
            "tag_list": [],
            "timeouts": null,
            "user_data": null,
            "vpc_no": "118362",
            "zone": "KR-1"
          },
          "sensitive_attributes": [],
          "identity_schema_version": 0,
          "private": "eyJlMmJmYjczMC1lY2FhLTExZTYtOGY4OC0zNDM2M2JjN2M0YzAiOnsiY3JlYXRlIjozNjAwMDAwMDAwMDAwLCJkZWxldGUiOjMwMDAwMDAwMDAwMH19",
          "dependencies": [
            "ncloud_access_control_group.was_acg",
            "ncloud_login_key.this",
            "ncloud_network_interface.was_nic",
            "ncloud_subnet.private",
            "ncloud_vpc.this"
          ]
        }
      ]
    },
    {
      "mode": "managed",
      "type": "ncloud_server",
      "name": "web",
      "provider": "provider[\"registry.terraform.io/navercloudplatform/ncloud\"]",
      "instances": [
        {
          "index_key": 0,
          "schema_version": 0,
          "attributes": {
            "access_control_group_configuration_no_list": null,
            "base_block_storage_disk_detail_type": "SSD",
            "base_block_storage_disk_type": "NET",
            "base_block_storage_size": null,
            "block_device_partition_list": [],
            "cpu_count": 2,
            "description": "",
            "fee_system_type_code": null,
            "hypervisor_type": "KVM",
            "id": "108066548",
            "init_script_no": "",
            "instance_no": "108066548",
            "internet_line_type": null,
            "is_encrypted_base_block_storage_volume": null,
            "is_fee_charging_monitoring": null,
            "is_protect_server_termination": false,
            "login_key_name": "tf-3tier-key-20250813004930",
            "member_server_image_no": null,
            "memory_size": 8589934592,
            "name": "tf-3tier-web-1",
            "network_interface": [
              {
                "network_interface_no": "4888446",
                "order": 0,
                "private_ip": "10.0.1.6",
                "subnet_no": "249709"
              }
            ],
            "placement_group_no": "",
            "platform_type": "UBD64",
            "port_forwarding_external_port": null,
            "port_forwarding_internal_port": null,
            "port_forwarding_public_ip": null,
            "private_ip": null,
            "public_ip": "",
            "raid_type_name": null,
            "region": null,
            "server_image_name": null,
            "server_image_number": "23214590",
            "server_image_product_code": "SW.VSVR.OS.LNX64.UBNTU.SVR22.G003",
            "server_product_code": "SVR.VSVR.STAND.C002.M008.G003",
            "server_spec_code": "s2-g3",
            "subnet_no": "249709",
            "tag_list": [],
            "timeouts": null,
            "user_data": null,
            "vpc_no": "118362",
            "zone": "KR-1"
          },
          "sensitive_attributes": [],
          "identity_schema_version": 0,
          "private": "eyJlMmJmYjczMC1lY2FhLTExZTYtOGY4OC0zNDM2M2JjN2M0YzAiOnsiY3JlYXRlIjozNjAwMDAwMDAwMDAwLCJkZWxldGUiOjMwMDAwMDAwMDAwMH19",
          "dependencies": [
            "ncloud_access_control_group.web_acg",
            "ncloud_login_key.this",
            "ncloud_network_interface.web_nic",
            "ncloud_subnet.public",
            "ncloud_vpc.this"
          ]
        }
      ]
    },
    {
      "mode": "managed",
      "type": "ncloud_subnet",
      "name": "private",
      "provider": "provider[\"registry.terraform.io/navercloudplatform/ncloud\"]",
      "instances": [
        {
          "schema_version": 0,
          "attributes": {
            "id": "249708",
            "name": "tf-3tier-priv",
            "network_acl_no": "162455",
            "subnet": "10.0.2.0/24",
            "subnet_no": "249708",
            "subnet_type": "PRIVATE",
            "usage_type": "GEN",
            "vpc_no": "118362",
            "zone": "KR-1"
          },
          "sensitive_attributes": [],
          "identity_schema_version": 0,
          "dependencies": [
            "ncloud_vpc.this"
          ]
        }
      ]
    },
    {
      "mode": "managed",
      "type": "ncloud_subnet",
      "name": "private_lb",
      "provider": "provider[\"registry.terraform.io/navercloudplatform/ncloud\"]",
      "instances": [
        {
          "schema_version": 0,
          "attributes": {
            "id": "249711",
            "name": "tf-3tier-priv-lb",
            "network_acl_no": "162455",
            "subnet": "10.0.20.0/24",
            "subnet_no": "249711",
            "subnet_type": "PRIVATE",
            "usage_type": "LOADB",
            "vpc_no": "118362",
            "zone": "KR-1"
          },
          "sensitive_attributes": [],
          "identity_schema_version": 0,
          "dependencies": [
            "ncloud_vpc.this"
          ]
        }
      ]
    },
    {
      "mode": "managed",
      "type": "ncloud_subnet",
      "name": "public",
      "provider": "provider[\"registry.terraform.io/navercloudplatform/ncloud\"]",
      "instances": [
        {
          "schema_version": 0,
          "attributes": {
            "id": "249709",
            "name": "tf-3tier-pub",
            "network_acl_no": "162455",
            "subnet": "10.0.1.0/24",
            "subnet_no": "249709",
            "subnet_type": "PUBLIC",
            "usage_type": "GEN",
            "vpc_no": "118362",
            "zone": "KR-1"
          },
          "sensitive_attributes": [],
          "identity_schema_version": 0,
          "dependencies": [
            "ncloud_vpc.this"
          ]
        }
      ]
    },
    {
      "mode": "managed",
      "type": "ncloud_subnet",
      "name": "public_lb",
      "provider": "provider[\"registry.terraform.io/navercloudplatform/ncloud\"]",
      "instances": [
        {
          "schema_version": 0,
          "attributes": {
            "id": "249710",
            "name": "tf-3tier-pub-lb",
            "network_acl_no": "162455",
            "subnet": "10.0.10.0/24",
            "subnet_no": "249710",
            "subnet_type": "PUBLIC",
            "usage_type": "LOADB",
            "vpc_no": "118362",
            "zone": "KR-1"
          },
          "sensitive_attributes": [],
          "identity_schema_version": 0,
          "dependencies": [
            "ncloud_vpc.this"
          ]
        }
      ]
    },
    {
      "mode": "managed",
      "type": "ncloud_vpc",
      "name": "this",
      "provider": "provider[\"registry.terraform.io/navercloudplatform/ncloud\"]",
      "instances": [
        {
          "schema_version": 0,
          "attributes": {
            "default_access_control_group_no": "294676",
            "default_network_acl_no": "162455",
            "default_private_route_table_no": "245224",
            "default_public_route_table_no": "245223",
            "id": "118362",
            "ipv4_cidr_block": "10.0.0.0/16",
            "name": "tf-3tier-vpc",
            "vpc_no": "118362"
          },
          "sensitive_attributes": [],
          "identity_schema_version": 0
        }
      ]
    }
  ],
  "check_results": null
}
